# This file is automatically @generated by Cargo.
# It is not intended for manual editing.
[[package]]
name = "bitflags"
version = "0.5.0"
source = "registry+https://github.com/rust-lang/crates.io-index"
checksum = "4f67931368edf3a9a51d29886d245f1c3db2f1ef0dcc9e35ff70341b78c10d23"

[[package]]
name = "cbox"
version = "0.3.0"
source = "registry+https://github.com/rust-lang/crates.io-index"
checksum = "e4198143b96d30e1758ebe0abab558e0845f09b36d83872d88db34911349321f"
dependencies = [
 "libc",
]

[[package]]
name = "gcc"
version = "0.3.31"
source = "registry+https://github.com/rust-lang/crates.io-index"
checksum = "cfe877476e53690ebb0ce7325d0bf43e198d9500291b54b3c65e518de5039b07"

[[package]]
name = "libc"
version = "0.2.14"
source = "registry+https://github.com/rust-lang/crates.io-index"
checksum = "39dfaaa0f4da0f1a06876c5d94329d739ad0150868069cc235f1ddf80a0480e7"

[[package]]
name = "llvm-alt"
version = "0.5.0"
dependencies = [
 "cbox",
 "libc",
 "llvm-sys",
]

[[package]]
name = "llvm-sys"
version = "0.3.0"
source = "git+https://github.com/gwsystems/llvm-sys.rs?branch=sfbase#f4d6b7523e9c3e71a45aa8155f0ef0911689033a"
dependencies = [
 "bitflags",
 "gcc",
 "libc",
 "semver",
]

[[package]]
name = "semver"
version = "0.1.20"
source = "registry+https://github.com/rust-lang/crates.io-index"
checksum = "d4f410fedcf71af0345d7607d246e7ad15faaadd49d240ee3b24e5dc21a820ac"
